
Microsoft Visual Studio Solution File, Format Version 12.00
# Visual Studio Version 17
VisualStudioVersion = 17.4.33213.308
MinimumVisualStudioVersion = 10.0.40219.1
Project("{FAE04EC0-301F-11D3-BF4B-00C04F79EFBC}") = "IteratorConsola", "IteratorConsola\IteratorConsola.csproj", "{39FCC8C2-4AFF-44C5-A937-91CF087CC7D5}"
EndProject
Global
	GlobalSection(SolutionConfigurationPlatforms) = preSolution
		Debug|Any CPU = Debug|Any CPU
		Release|Any CPU = Release|Any CPU
	EndGlobalSection
	GlobalSection(ProjectConfigurationPlatforms) = postSolution
		{39FCC8C2-4AFF-44C5-A937-91CF087CC7D5}.Debug|Any CPU.ActiveCfg = Debug|Any CPU
		{39FCC8C2-4AFF-44C5-A937-91CF087CC7D5}.Debug|Any CPU.Build.0 = Debug|Any CPU
		{39FCC8C2-4AFF-44C5-A937-91CF087CC7D5}.Release|Any CPU.ActiveCfg = Release|Any CPU
		{39FCC8C2-4AFF-44C5-A937-91CF087CC7D5}.Release|Any CPU.Build.0 = Release|Any CPU
	EndGlobalSection
	GlobalSection(SolutionProperties) = preSolution
		HideSolutionNode = FALSE
	EndGlobalSection
	GlobalSection(ExtensibilityGlobals) = postSolution
		SolutionGuid = {54AA4B2E-4E46-4092-9DEF-A80CB0295DC3}
	EndGlobalSection
EndGlobal
